<?xml version="1.0" encoding="utf-8"?>
<Project ToolsVersion="4.0" xmlns="http://schemas.microsoft.com/developer/msbuild/2003">
  <ItemGroup>
    <Filter Include="源文件">
      <UniqueIdentifier>{4FC737F1-C7A5-4376-A066-2A32D752A2FF}</UniqueIdentifier>
      <Extensions>cpp;c;cc;cxx;c++;cppm;ixx;def;odl;idl;hpj;bat;asm;asmx</Extensions>
    </Filter>
    <Filter Include="头文件">
      <UniqueIdentifier>{93995380-89BD-4b04-88EB-625FBE52EBFB}</UniqueIdentifier>
      <Extensions>h;hh;hpp;hxx;h++;hm;inl;inc;ipp;xsd</Extensions>
    </Filter>
    <Filter Include="资源文件">
      <UniqueIdentifier>{67DA6AB6-F800-4c08-8B7A-83BB121AAD01}</UniqueIdentifier>
      <Extensions>rc;ico;cur;bmp;dlg;rc2;rct;bin;rgs;gif;jpg;jpeg;jpe;resx;tiff;tif;png;wav;mfcribbon-ms</Extensions>
    </Filter>
  </ItemGroup>
  <ItemGroup>
    <ClCompile Include="thread\AdvancedThreadPool.cpp">
      <Filter>源文件</Filter>
    </ClCompile>
    <ClCompile Include="mem\CentralCache.cpp">
      <Filter>源文件</Filter>
    </ClCompile>
    <ClCompile Include="mem\ConcurrentMem.cpp">
      <Filter>源文件</Filter>
    </ClCompile>
    <ClCompile Include="LoadBalancer\LoadBalancer.cpp">
      <Filter>源文件</Filter>
    </ClCompile>
    <ClCompile Include="Common\Base64.cpp">
      <Filter>源文件</Filter>
    </ClCompile>
    <ClCompile Include="Common\EvnVariables.cpp">
      <Filter>源文件</Filter>
    </ClCompile>
    <ClCompile Include="Common\ExceptionFilter.cpp">
      <Filter>源文件</Filter>
    </ClCompile>
    <ClCompile Include="Common\FileLogger.cpp">
      <Filter>源文件</Filter>
    </ClCompile>
    <ClCompile Include="Common\FileSystem.cpp">
      <Filter>源文件</Filter>
    </ClCompile>
    <ClCompile Include="Common\pipe.cpp">
      <Filter>源文件</Filter>
    </ClCompile>
    <ClCompile Include="Common\RwLock.cpp">
      <Filter>源文件</Filter>
    </ClCompile>
    <ClCompile Include="Common\StringUtils.cpp">
      <Filter>源文件</Filter>
    </ClCompile>
    <ClCompile Include="Common\SystemBacktrace.cpp">
      <Filter>源文件</Filter>
    </ClCompile>
    <ClCompile Include="Common\FileFun.cpp">
      <Filter>源文件</Filter>
    </ClCompile>
  </ItemGroup>
  <ItemGroup>
    <ClInclude Include="thread\AdvancedThreadPool.h">
      <Filter>头文件</Filter>
    </ClInclude>
    <ClInclude Include="mem\ConcurrentMem.h">
      <Filter>头文件</Filter>
    </ClInclude>
    <ClInclude Include="mem\MemPoolCommon.h">
      <Filter>头文件</Filter>
    </ClInclude>
    <ClInclude Include="mem\ObjectMemPool.h">
      <Filter>头文件</Filter>
    </ClInclude>
    <ClInclude Include="mem\PageMap.h">
      <Filter>头文件</Filter>
    </ClInclude>
    <ClInclude Include="mem\Pool_Test.h">
      <Filter>头文件</Filter>
    </ClInclude>
    <ClInclude Include="mem\ThreadCache.h">
      <Filter>头文件</Filter>
    </ClInclude>
    <ClInclude Include="LoadBalancer\LoadBalancer.h">
      <Filter>头文件</Filter>
    </ClInclude>
    <ClInclude Include="LoadBalancer\LoadBalancerFactory.h">
      <Filter>头文件</Filter>
    </ClInclude>
    <ClInclude Include="Common\Base64.h">
      <Filter>头文件</Filter>
    </ClInclude>
    <ClInclude Include="Common\CircularQueue.h">
      <Filter>头文件</Filter>
    </ClInclude>
    <ClInclude Include="Common\CRC32.h">
      <Filter>头文件</Filter>
    </ClInclude>
    <ClInclude Include="Common\EvnVariables.h">
      <Filter>头文件</Filter>
    </ClInclude>
    <ClInclude Include="Common\ExceptionFilter.h">
      <Filter>头文件</Filter>
    </ClInclude>
    <ClInclude Include="Common\FileLogger.h">
      <Filter>头文件</Filter>
    </ClInclude>
    <ClInclude Include="Common\FileSystem.h">
      <Filter>头文件</Filter>
    </ClInclude>
    <ClInclude Include="Common\LockFreeCircularQue.h">
      <Filter>头文件</Filter>
    </ClInclude>
    <ClInclude Include="Common\LockFreeStack.h">
      <Filter>头文件</Filter>
    </ClInclude>
    <ClInclude Include="Common\MemBarrier.h">
      <Filter>头文件</Filter>
    </ClInclude>
    <ClInclude Include="Common\mmap.h">
      <Filter>头文件</Filter>
    </ClInclude>
    <ClInclude Include="Common\pipe.h">
      <Filter>头文件</Filter>
    </ClInclude>
    <ClInclude Include="Common\RwLock.h">
      <Filter>头文件</Filter>
    </ClInclude>
    <ClInclude Include="Common\StringUtils.h">
      <Filter>头文件</Filter>
    </ClInclude>
    <ClInclude Include="Common\SystemBacktrace.h">
      <Filter>头文件</Filter>
    </ClInclude>
    <ClInclude Include="Common\FileFun.h">
      <Filter>头文件</Filter>
    </ClInclude>
  </ItemGroup>
</Project>